PODS:
  - AFNetworking (1.3.4)
  - ANDLineChartView (0.2.2)
  - OpenWeatherMapAPI (0.0.5):
    - AFNetworking (~> 1.3.1)
  - Realm (1.0.0):
    - Realm/Headers (= 1.0.0)
  - Realm/Headers (1.0.0)

DEPENDENCIES:
  - ANDLineChartView
  - OpenWeatherMapAPI (~> 0.0.5)
  - Realm

SPEC CHECKSUMS:
  AFNetworking: cf8e418e16f0c9c7e5c3150d019a3c679d015018
  ANDLineChartView: fc9b4685a444eeb16ea373691962dc71e60dccd1
  OpenWeatherMapAPI: 53613bba3dffc948f852a66a25f512f7a16643e7
  Realm: e15cd8e7c11d3e576f628ba0b7cb855269b4991c

PODFILE CHECKSUM: 41e78740a4d1b8ea2b17b370d5c8bac95eb947a8

COCOAPODS: 1.0.0
